
Microsoft Visual Studio Solution File, Format Version 12.00
Project("{FAE04EC0-301F-11D3-BF4B-00C04F79EFBC}") = "Order-Api", "Order-Api.csproj", "{5DEBF13C-9B54-4798-9B50-2DB137370900}"
EndProject
Project("{FAE04EC0-301F-11D3-BF4B-00C04F79EFBC}") = "PubSubLibrary", "..\PubSubLibrary\PubSubLibrary.csproj", "{7568EA9E-A783-4EA1-82B2-2C2764C5F35E}"
EndProject
Global
	GlobalSection(SolutionConfigurationPlatforms) = preSolution
		Debug|Any CPU = Debug|Any CPU
		Release|Any CPU = Release|Any CPU
	EndGlobalSection
	GlobalSection(ProjectConfigurationPlatforms) = postSolution
		{5DEBF13C-9B54-4798-9B50-2DB137370900}.Debug|Any CPU.ActiveCfg = Debug|Any CPU
		{5DEBF13C-9B54-4798-9B50-2DB137370900}.Debug|Any CPU.Build.0 = Debug|Any CPU
		{5DEBF13C-9B54-4798-9B50-2DB137370900}.Release|Any CPU.ActiveCfg = Release|Any CPU
		{5DEBF13C-9B54-4798-9B50-2DB137370900}.Release|Any CPU.Build.0 = Release|Any CPU
		{7568EA9E-A783-4EA1-82B2-2C2764C5F35E}.Debug|Any CPU.ActiveCfg = Debug|Any CPU
		{7568EA9E-A783-4EA1-82B2-2C2764C5F35E}.Debug|Any CPU.Build.0 = Debug|Any CPU
		{7568EA9E-A783-4EA1-82B2-2C2764C5F35E}.Release|Any CPU.ActiveCfg = Release|Any CPU
		{7568EA9E-A783-4EA1-82B2-2C2764C5F35E}.Release|Any CPU.Build.0 = Release|Any CPU
	EndGlobalSection
EndGlobal
